#MicroXplorer Configuration settings - do not modify
Mcu.Family=STM32F4
ProjectManager.MainLocation=Src
PH0-OSC_IN.Signal=RCC_OSC_IN
RCC.CortexFreq_Value=168000000
ProjectManager.KeepUserCode=true
Mcu.UserName=STM32F407VGTx
RCC.PLLCLKFreq_Value=168000000
RCC.PLLQCLKFreq_Value=48000000
ProjectManager.functionlistsort=1-MX_GPIO_Init-GPIO-false-HAL-true,2-SystemClock_Config-RCC-false-HAL-false,3-MX_TIM2_Init-TIM2-false-HAL-true,4-MX_TIM3_Init-TIM3-false-HAL-true,5-MX_USART3_UART_Init-USART3-false-HAL-true,6-MX_LWIP_Init-LWIP-false-HAL-false
PD8.Locked=true
RCC.RTCFreq_Value=32000
PD6.Locked=true
PD4.Locked=true
PC5.Mode=RMII
PB11.Signal=ETH_TX_EN
PB13.Signal=ETH_TXD1
PD9.Mode=Asynchronous
PinOutPanel.RotationAngle=0
RCC.SYSCLKSource=RCC_SYSCLKSOURCE_PLLCLK
ProjectManager.StackSize=0x400
LWIP.NETMASK_ADDRESS=255.255.000.000
LWIP.LWIP_HTTPD=1
PD13.Signal=GPIO_Output
Mcu.IP4=RCC
RCC.FCLKCortexFreq_Value=168000000
Mcu.IP5=SYS
PD13.Locked=true
Mcu.IP2=LWIP
NVIC.SVCall_IRQn=true\:0\:0\:false\:false\:false\:false\:true\:false
Mcu.IP3=NVIC
Mcu.IP0=ETH
Mcu.IP1=FREERTOS
Mcu.UserConstants=
LWIP.IPParameters=LWIP_HTTPD,LWIP_DHCP,IP_ADDRESS,NETMASK_ADDRESS,GATEWAY_ADDRESS
Mcu.ThirdPartyNb=0
RCC.HCLKFreq_Value=168000000
Mcu.IPNb=9
RCC.I2SClocksFreq_Value=96000000
TIM2.IPParameters=Prescaler,Period
ProjectManager.PreviousToolchain=TrueSTUDIO
PD4.Signal=GPIO_Input
RCC.APB2TimFreq_Value=168000000
TIM3.Period=999
RCC.VcooutputI2S=96000000
Mcu.Pin6=PA2
Mcu.Pin7=PA7
PD8.Signal=USART3_TX
VP_TIM2_VS_ClockSourceINT.Signal=TIM2_VS_ClockSourceINT
Mcu.Pin8=PC4
Mcu.Pin9=PC5
FREERTOS.IPParameters=Tasks01,FootprintOK
RCC.AHBFreq_Value=168000000
PH0-OSC_IN.Mode=HSE-External-Oscillator
Mcu.Pin0=PC14-OSC32_IN
Mcu.Pin1=PC15-OSC32_OUT
NVIC.ETH_IRQn=true\:5\:0\:false\:false\:true\:true\:false\:true
Mcu.Pin2=PH0-OSC_IN
Mcu.Pin3=PH1-OSC_OUT
Mcu.Pin4=PC1
Mcu.Pin5=PA1
ProjectManager.ProjectBuild=false
RCC.HSE_VALUE=8000000
NVIC.UsageFault_IRQn=true\:0\:0\:false\:false\:true\:false\:true\:false
NVIC.DebugMonitor_IRQn=true\:0\:0\:false\:false\:true\:false\:true\:false
NVIC.SysTick_IRQn=true\:15\:0\:false\:false\:false\:true\:true\:false
ProjectManager.FirmwarePackage=STM32Cube FW_F4 V1.25.0
MxDb.Version=DB.5.0.60
ProjectManager.BackupPrevious=false
PC14-OSC32_IN.Mode=LSE-External-Oscillator
RCC.VCOInputFreq_Value=1000000
TIM3.Prescaler=83
NVIC.TIM2_IRQn=true\:5\:0\:false\:false\:true\:true\:true\:true
File.Version=6
NVIC.PendSV_IRQn=true\:15\:0\:false\:false\:false\:true\:true\:false
VP_FREERTOS_VS_CMSIS_V1.Mode=CMSIS_V1
ProjectManager.HalAssertFull=false
ProjectManager.ProjectName=disco_Mqtt_RTOS_LWIP
PH1-OSC_OUT.Mode=HSE-External-Oscillator
RCC.MCO2PinFreq_Value=168000000
Mcu.Package=LQFP100
TIM2.Prescaler=83
PB12.Mode=RMII
NVIC.TimeBase=TIM4_IRQn
PD12.Signal=GPIO_Output
ProjectManager.ToolChainLocation=
PD14.Locked=true
RCC.LSI_VALUE=32000
NVIC.TimeBaseIP=TIM4
USART3.IPParameters=VirtualMode
FREERTOS.FootprintOK=true
RCC.APB2CLKDivider=RCC_HCLK_DIV2
RCC.APB1TimFreq_Value=84000000
NVIC.BusFault_IRQn=true\:0\:0\:false\:false\:true\:false\:true\:false
PC5.Signal=ETH_RXD1
PB13.Mode=RMII
PD6.Signal=GPIO_Output
PD5.Locked=true
PD15.Signal=GPIO_Output
ProjectManager.CustomerFirmwarePackage=..\\..\\..\\..\\STM32Cube\\Repository\\STM32Cube_FW_F4_V1.24.2
VP_TIM3_VS_ClockSourceINT.Mode=Internal
PC4.Mode=RMII
VP_LWIP_VS_Enabled.Signal=LWIP_VS_Enabled
LWIP.IP_ADDRESS=169.254.193.190
RCC.PLLSourceVirtual=RCC_PLLSOURCE_HSE
PC15-OSC32_OUT.Mode=LSE-External-Oscillator
ProjectManager.ProjectFileName=disco_Mqtt_RTOS_LWIP.ioc
FREERTOS.Tasks01=defaultTask,0,128,StartDefaultTask,Default,NULL,Dynamic,NULL,NULL;DHT22,-3,1024,StartDHT22,Default,NULL,Dynamic,NULL,NULL
PA7.Mode=RMII
Mcu.PinsNb=28
ProjectManager.NoMain=false
PD3.Signal=GPIO_Output
PC4.Signal=ETH_RXD0
ETH.MACAddr=04\:80\:E1\:06\:FD\:EF
ProjectManager.DefaultFWLocation=false
PD9.Signal=USART3_RX
PD5.Signal=GPIO_Output
LWIP.LWIP_DHCP=0
ProjectManager.DeletePrevious=true
RCC.APB1CLKDivider=RCC_HCLK_DIV4
PC14-OSC32_IN.Signal=RCC_OSC32_IN
boardIOC=true
RCC.FamilyName=M
VP_LWIP_VS_Enabled.Mode=Enabled
LWIP.GATEWAY_ADDRESS=169.254.193.090
ETH.IPParameters=MediaInterface,MACAddr
PD12.Locked=true
VP_FREERTOS_VS_CMSIS_V1.Signal=FREERTOS_VS_CMSIS_V1
PB11.Mode=RMII
ProjectManager.TargetToolchain=TrueSTUDIO
VP_TIM3_VS_ClockSourceINT.Signal=TIM3_VS_ClockSourceINT
PD3.Locked=true
PD8.Mode=Asynchronous
PC15-OSC32_OUT.Signal=RCC_OSC32_OUT
PA1.Signal=ETH_REF_CLK
RCC.VCOI2SOutputFreq_Value=192000000
board=STM32F407G-DISC1
RCC.VCOOutputFreq_Value=336000000
ProjectManager.LastFirmware=true
NVIC.TIM3_IRQn=true\:5\:0\:false\:false\:true\:true\:true\:true
VP_SYS_VS_tim4.Signal=SYS_VS_tim4
RCC.APB2Freq_Value=84000000
PA1.Mode=RMII
MxCube.Version=5.6.0
VP_TIM2_VS_ClockSourceINT.Mode=Internal
RCC.EthernetFreq_Value=168000000
TIM3.IPParameters=Prescaler,Period
PH1-OSC_OUT.Signal=RCC_OSC_OUT
NVIC.NonMaskableInt_IRQn=true\:0\:0\:false\:false\:true\:false\:true\:false
TIM2.Period=999
ProjectManager.FreePins=false
RCC.IPParameters=48MHZClocksFreq_Value,AHBFreq_Value,APB1CLKDivider,APB1Freq_Value,APB1TimFreq_Value,APB2CLKDivider,APB2Freq_Value,APB2TimFreq_Value,CortexFreq_Value,EthernetFreq_Value,FCLKCortexFreq_Value,FamilyName,HCLKFreq_Value,HSE_VALUE,HSI_VALUE,I2SClocksFreq_Value,LSI_VALUE,MCO2PinFreq_Value,PLLCLKFreq_Value,PLLM,PLLN,PLLQ,PLLQCLKFreq_Value,PLLSourceVirtual,RTCFreq_Value,RTCHSEDivFreq_Value,SYSCLKFreq_VALUE,SYSCLKSource,VCOI2SOutputFreq_Value,VCOInputFreq_Value,VCOOutputFreq_Value,VcooutputI2S
ProjectManager.AskForMigrate=true
Mcu.Name=STM32F407V(E-G)Tx
Mcu.Pin26=VP_TIM2_VS_ClockSourceINT
Mcu.Pin27=VP_TIM3_VS_ClockSourceINT
RCC.RTCHSEDivFreq_Value=4000000
Mcu.Pin24=VP_LWIP_VS_Enabled
PA2.Signal=ETH_MDIO
ProjectManager.UnderRoot=true
Mcu.Pin25=VP_SYS_VS_tim4
Mcu.IP8=USART3
PD14.Signal=GPIO_Output
Mcu.IP6=TIM2
Mcu.IP7=TIM3
ProjectManager.CoupleFile=false
RCC.48MHZClocksFreq_Value=48000000
RCC.SYSCLKFreq_VALUE=168000000
ETH.MediaInterface=ETH_MEDIA_INTERFACE_RMII
Mcu.Pin22=PD6
Mcu.Pin23=VP_FREERTOS_VS_CMSIS_V1
Mcu.Pin20=PD4
Mcu.Pin21=PD5
NVIC.ForceEnableDMAVector=true
KeepUserPlacement=false
USART3.VirtualMode=VM_ASYNC
NVIC.MemoryManagement_IRQn=true\:0\:0\:false\:false\:true\:false\:true\:false
ProjectManager.CompilerOptimize=6
PD15.Locked=true
ProjectManager.HeapSize=0x200
Mcu.Pin15=PD12
NVIC.HardFault_IRQn=true\:0\:0\:false\:false\:true\:false\:true\:false
Mcu.Pin16=PD13
LWIP.Version=v2.1.2_Cube
Mcu.Pin13=PD8
Mcu.Pin14=PD9
VP_SYS_VS_tim4.Mode=TIM4
Mcu.Pin19=PD3
ProjectManager.ComputerToolchain=false
Mcu.Pin17=PD14
RCC.HSI_VALUE=16000000
Mcu.Pin18=PD15
RCC.PLLQ=7
NVIC.PriorityGroup=NVIC_PRIORITYGROUP_4
Mcu.Pin11=PB12
Mcu.Pin12=PB13
RCC.PLLM=8
RCC.PLLN=336
Mcu.Pin10=PB11
PA2.Mode=RMII
NVIC.TIM4_IRQn=true\:0\:0\:false\:false\:true\:false\:false\:true
PD9.Locked=true
RCC.APB1Freq_Value=42000000
ProjectManager.DeviceId=STM32F407VGTx
PC1.Signal=ETH_MDC
PB12.Signal=ETH_TXD0
ProjectManager.LibraryCopy=1
PC1.Mode=RMII
PA7.Signal=ETH_CRS_DV
